Victors-MacBook-Pro:infra victor$ terraform plan

Terraform used the selected providers to generate the following execution plan. Resource actions are indicated with
the following symbols:
  + create

Terraform will perform the following actions:

  # aws_s3_bucket.www_bucket will be created
  + resource "aws_s3_bucket" "www_bucket" {
      + acceleration_status         = (known after apply)
      + acl                         = (known after apply)
      + arn                         = (known after apply)
      + bucket                      = "722375776843-vrjpokedex"
      + bucket_domain_name          = (known after apply)
      + bucket_prefix               = (known after apply)
      + bucket_regional_domain_name = (known after apply)
      + force_destroy               = false
      + hosted_zone_id              = (known after apply)
      + id                          = (known after apply)
      + object_lock_enabled         = (known after apply)
      + policy                      = (known after apply)
      + region                      = (known after apply)
      + request_payer               = (known after apply)
      + tags                        = {
          + "Project" = "Game App"
        }
      + tags_all                    = {
          + "Project" = "Game App"
        }
      + website_domain              = (known after apply)
      + website_endpoint            = (known after apply)
    }

  # aws_s3_bucket_ownership_controls.this will be created
  + resource "aws_s3_bucket_ownership_controls" "this" {
      + bucket = (known after apply)
      + id     = (known after apply)

      + rule {
          + object_ownership = "BucketOwnerPreferred"
        }
    }

  # aws_s3_bucket_policy.bucket_policy will be created
  + resource "aws_s3_bucket_policy" "bucket_policy" {
      + bucket = (known after apply)
      + id     = (known after apply)
      + policy = (known after apply)
    }

  # aws_s3_bucket_public_access_block.bucket_access_block will be created
  + resource "aws_s3_bucket_public_access_block" "bucket_access_block" {
      + block_public_acls       = false
      + block_public_policy     = false
      + bucket                  = (known after apply)
      + id                      = (known after apply)
      + ignore_public_acls      = false
      + restrict_public_buckets = false
    }

  # aws_s3_bucket_website_configuration.www_bucket will be created
  + resource "aws_s3_bucket_website_configuration" "www_bucket" {
      + bucket           = (known after apply)
      + id               = (known after apply)
      + routing_rules    = (known after apply)
      + website_domain   = (known after apply)
      + website_endpoint = (known after apply)

      + error_document {
          + key = "404.html"
        }

      + index_document {
          + suffix = "index.html"
        }
    }

Plan: 5 to add, 0 to change, 0 to destroy.

──────────────────────────────────────────────────────────────────────────────────────────────────────────────────────

Note: You didn't use the -out option to save this plan, so Terraform can't guarantee to take exactly these actions if
you run "terraform apply" now.
